{
  "originHash" : "dcecd1d39777fd1dc63c6be77b3d689bf543a16cfedd4129b28e610ceb87bf39",
  "pins" : [
    {
      "identity" : "posthog-ios",
      "kind" : "remoteSourceControl",
      "location" : "https://github.com/PostHog/posthog-ios",
      "state" : {
        "revision" : "27fcbed2c03cee304d534c975065a4d89b69275c",
        "version" : "3.82.0"
      }
    },
    {
      "identity" : "sentry-cocoa",
      "kind" : "remoteSourceControl",
      "location" : "https://github.com/getsentry/sentry-cocoa",
      "state" : {
        "revision" : "d9df1c4e8d8466c7f8b3c56150378927dadf1b8e",
        "version" : "9.29.0"
      }
    }
  ],
  "version" : 3
}
